{
  "name": "000-core",
  "version": "0.0.1",
  "lockfileVersion": 1,
  "requires": true,
  "dependencies": {
    "ccxt": {
      "version": "1.68.20",
      "resolved": "https://registry.npmjs.org/ccxt/-/ccxt-1.68.20.tgz",
      "integrity": "sha512-icItMscjR7C1IJIb3R6jGDjGiTVS44CRbwK2jDeVlEL5tVwoPbArxNT/xbrV1jpN2o/P2QGSBBZ1pM0GeZxdWQ=="
    },
    "typescript": {
      "version": "4.5.4",
      "resolved": "https://registry.npmjs.org/typescript/-/typescript-4.5.4.tgz",
      "integrity": "sha512-VgYs2A2QIRuGphtzFV7aQJduJ2gyfTljngLzjpfW9FoYZF6xuw1W0vW9ghCKLfcWrCFxK81CSGRAvS1pn4fIUg==",
      "dev": true
    }
  }
}
